
Microsoft Visual Studio Solution File, Format Version 12.00
# Visual Studio Version 17
VisualStudioVersion = 17.9.34728.123
MinimumVisualStudioVersion = 10.0.40219.1
Project("{2150E333-8FDC-42A3-9474-1A3956D46DE8}") = "Services", "Services", "{23D2E14E-AA39-46DA-BC3D-188DF748D818}"
EndProject
Project("{2150E333-8FDC-42A3-9474-1A3956D46DE8}") = "Catalog", "Catalog", "{3B0DE625-70F3-4756-A225-6A5F1D886494}"
EndProject
Project("{9A19103F-16F7-4668-BE54-9A1E7A4F7556}") = "MultiShop.Catalog", "Services\Catalog\MultiShop.Catalog\MultiShop.Catalog.csproj", "{F4AC381D-CF9B-4E2C-9803-F3BDC602BCA5}"
EndProject
Project("{2150E333-8FDC-42A3-9474-1A3956D46DE8}") = "Discount", "Discount", "{835F7D5E-7F74-4395-976F-EB12A5D104C9}"
EndProject
Project("{9A19103F-16F7-4668-BE54-9A1E7A4F7556}") = "MultiShop.Discount", "Services\Discount\MultiShop.Discount\MultiShop.Discount.csproj", "{D2DFCA20-BDA7-481A-9247-C9CDE53211D8}"
EndProject
Project("{2150E333-8FDC-42A3-9474-1A3956D46DE8}") = "Order", "Order", "{A2CF4722-BE6D-4799-81D3-40FFA75BD251}"
EndProject
Project("{2150E333-8FDC-42A3-9474-1A3956D46DE8}") = "Core", "Core", "{E7FFA5C1-5301-4DB5-84E0-2C1B11E77A1D}"
EndProject
Project("{2150E333-8FDC-42A3-9474-1A3956D46DE8}") = "Infrastructure", "Infrastructure", "{5D940DD7-D3A4-48D2-A5AE-6F0CBCAAF1F3}"
EndProject
Project("{2150E333-8FDC-42A3-9474-1A3956D46DE8}") = "Presentation", "Presentation", "{C59E01C2-C3D7-4EDB-80F2-D7A35A525347}"
EndProject
Project("{9A19103F-16F7-4668-BE54-9A1E7A4F7556}") = "MultiShop.Order.Domain", "Services\Order\Core\MultiShop.Order.Domain\MultiShop.Order.Domain.csproj", "{363153ED-76CB-418C-9500-A5C42245C5F4}"
EndProject
Project("{9A19103F-16F7-4668-BE54-9A1E7A4F7556}") = "MultiShop.Order.Application", "Services\Order\Core\MultiShop.Order.Application\MultiShop.Order.Application.csproj", "{0EFE98ED-8D57-4CA0-93D0-B71ACFCFA64E}"
EndProject
Project("{9A19103F-16F7-4668-BE54-9A1E7A4F7556}") = "MultiShop.Order.Persistance", "Services\Order\Infrastructure\MultiShop.Order.Persistance\MultiShop.Order.Persistance.csproj", "{6CF5B2AC-00CB-48CA-BF04-90FD6E69ADDC}"
EndProject
Project("{9A19103F-16F7-4668-BE54-9A1E7A4F7556}") = "MultiShop.Order.WebApi", "Services\Order\Presentation\MultiShop.Order.WebApi\MultiShop.Order.WebApi.csproj", "{79844263-EE28-4DC0-9185-6E9C493DFB6C}"
EndProject
Project("{2150E333-8FDC-42A3-9474-1A3956D46DE8}") = "ReadMe", "ReadMe", "{A9BC4743-0B18-4AA2-AC82-F47BB2ACC1C3}"
	ProjectSection(SolutionItems) = preProject
		BasketMicroService.txt = BasketMicroService.txt
		BasketMicroServiceUIRefactor.txt = BasketMicroServiceUIRefactor.txt
		CargoMicroService.txt = CargoMicroService.txt
		CatologMicroService.txt = CatologMicroService.txt
		CommentMicroService.txt = CommentMicroService.txt
		ClientCredentialTokenService.txt = ClientCredentialTokenService.txt
		Contact.txt = Contact.txt
		DiscountMicroService.txt = DiscountMicroService.txt
		DiscountMicroServiceUIRefactor.txt = DiscountMicroServiceUIRefactor.txt
		Discovery.txt = Discovery.txt
		ECommerce.txt = ECommerce.txt
		Frontend.txt = Frontend.txt
		IdentityMicroService.txt = IdentityMicroService.txt
		OcelotGateway.txt = OcelotGateway.txt
		OrderMicroService.txt = OrderMicroService.txt
		OrderMicroServiceUIRefactor.txt = OrderMicroServiceUIRefactor.txt
		PortNumber.txt = PortNumber.txt
		ReadingSort.txt = ReadingSort.txt
		Refactor.txt = Refactor.txt
		ServiceApiSettings.txt = ServiceApiSettings.txt
		RegisterLoginOperation.txt = RegisterLoginOperation.txt
		UserService.txt = UserService.txt
	EndProjectSection
EndProject
Project("{2150E333-8FDC-42A3-9474-1A3956D46DE8}") = "IdentityServer", "IdentityServer", "{5CA6FC3E-2704-4148-A850-0762FCE240E9}"
EndProject
Project("{9A19103F-16F7-4668-BE54-9A1E7A4F7556}") = "MultiShop.IdentityServer", "IdentityServer\MultiShop.IdentityServer\MultiShop.IdentityServer.csproj", "{2A1436A1-1022-47AD-99A0-3CF318AD8086}"
EndProject
Project("{2150E333-8FDC-42A3-9474-1A3956D46DE8}") = "Cargo", "Cargo", "{8C4927EE-4FF7-472A-8B63-60772FBC68C2}"
EndProject
Project("{9A19103F-16F7-4668-BE54-9A1E7A4F7556}") = "MultiShop.Cargo.EntityLayer", "Services\Cargo\MultiShop.Cargo.EntityLayer\MultiShop.Cargo.EntityLayer.csproj", "{8F067E7C-8FAD-4B3D-BB3A-3B636B10B157}"
EndProject
Project("{9A19103F-16F7-4668-BE54-9A1E7A4F7556}") = "MultiShop.Cargo.BusinessLayer", "Services\Cargo\MultiShop.Cargo.BusinessLayer\MultiShop.Cargo.BusinessLayer.csproj", "{DCDADEF7-C4F7-469A-B9EC-A16EC6FC3AF2}"
EndProject
Project("{9A19103F-16F7-4668-BE54-9A1E7A4F7556}") = "MultiShop.Cargo.DataAccessLayer", "Services\Cargo\MultiShop.Cargo.DataAccessLayer\MultiShop.Cargo.DataAccessLayer.csproj", "{12647806-CEE7-49BD-A7AE-8F8D71070441}"
EndProject
Project("{9A19103F-16F7-4668-BE54-9A1E7A4F7556}") = "MultiShop.Cargo.DtoLayer", "Services\Cargo\MultiShop.Cargo.DtoLayer\MultiShop.Cargo.DtoLayer.csproj", "{3F53C58E-8FA7-489D-85CC-67A49728A94F}"
EndProject
Project("{9A19103F-16F7-4668-BE54-9A1E7A4F7556}") = "MultiShop.Cargo.WebApi", "Services\Cargo\MultiShop.Cargo.WebApi\MultiShop.Cargo.WebApi.csproj", "{39A90F4C-D569-4A4A-ADA4-99A9C3979F84}"
EndProject
Project("{2150E333-8FDC-42A3-9474-1A3956D46DE8}") = "Basket", "Basket", "{8174B26D-9C4B-4A1B-9F89-DA7378474D72}"
EndProject
Project("{9A19103F-16F7-4668-BE54-9A1E7A4F7556}") = "MultiShop.Basket", "Services\Basket\MultiShop.Basket\MultiShop.Basket.csproj", "{07AFD751-58BC-48B7-8ECD-3A99A65E248E}"
EndProject
Project("{2150E333-8FDC-42A3-9474-1A3956D46DE8}") = "Frontends", "Frontends", "{EFB11CD5-67FE-49EC-BE32-55806B6FF5EE}"
EndProject
Project("{9A19103F-16F7-4668-BE54-9A1E7A4F7556}") = "MultiShop.WebUI", "Frontends\MultiShop.WebUI\MultiShop.WebUI.csproj", "{02D8DD4A-AB06-4F0E-8AFB-5801D5CBE3F7}"
EndProject
Project("{9A19103F-16F7-4668-BE54-9A1E7A4F7556}") = "MultiShop.DtoLayer", "Frontends\MultiShop.DtoLayer\MultiShop.DtoLayer.csproj", "{19AF2D12-46CE-46D8-8AB9-686CEA01FB45}"
EndProject
Project("{2150E333-8FDC-42A3-9474-1A3956D46DE8}") = "Comment", "Comment", "{D00B4816-C1E6-452A-B2BB-31BC23850D17}"
EndProject
Project("{9A19103F-16F7-4668-BE54-9A1E7A4F7556}") = "MultiShop.Comment", "Services\Comment\MultiShop.Comment\MultiShop.Comment.csproj", "{DA7CB822-A73B-407C-840A-8971B1DA3D96}"
EndProject
Project("{2150E333-8FDC-42A3-9474-1A3956D46DE8}") = "RapidApi", "RapidApi", "{7C39B327-C1EE-4D63-9C0C-EB2E17BFCA63}"
EndProject
Project("{2150E333-8FDC-42A3-9474-1A3956D46DE8}") = "ApiGateway", "ApiGateway", "{521DBB42-6A73-4D1A-9BB8-2D91DDB699AB}"
EndProject
Project("{FAE04EC0-301F-11D3-BF4B-00C04F79EFBC}") = "MultiShop.OcelotGateway", "ApiGateway\MultiShop.OcelotGateway\MultiShop.OcelotGateway.csproj", "{2A3DF9DF-2E9C-4686-89BF-55266A9DD604}"
EndProject
Project("{2150E333-8FDC-42A3-9474-1A3956D46DE8}") = "Payment", "Payment", "{BCEB2530-47AF-4D7A-944E-5209093AEA6C}"
EndProject
Project("{FAE04EC0-301F-11D3-BF4B-00C04F79EFBC}") = "MultiShop.Payment", "Services\Payment\MultiShop.Payment\MultiShop.Payment.csproj", "{370D1ABE-FC5C-43A0-BE7F-2C121C4899EA}"
EndProject
Project("{2150E333-8FDC-42A3-9474-1A3956D46DE8}") = "Images", "Images", "{2D3D3E20-674B-49E9-A5BF-09D2CD32464E}"
EndProject
Project("{FAE04EC0-301F-11D3-BF4B-00C04F79EFBC}") = "MultiShop.Images", "Services\Images\MultiShop.Images\MultiShop.Images.csproj", "{1DB27194-8DDE-4BE5-B67E-07C685A35B8D}"
EndProject
Global
	GlobalSection(SolutionConfigurationPlatforms) = preSolution
		Debug|Any CPU = Debug|Any CPU
		Release|Any CPU = Release|Any CPU
	EndGlobalSection
	GlobalSection(ProjectConfigurationPlatforms) = postSolution
		{F4AC381D-CF9B-4E2C-9803-F3BDC602BCA5}.Debug|Any CPU.ActiveCfg = Debug|Any CPU
		{F4AC381D-CF9B-4E2C-9803-F3BDC602BCA5}.Debug|Any CPU.Build.0 = Debug|Any CPU
		{F4AC381D-CF9B-4E2C-9803-F3BDC602BCA5}.Release|Any CPU.ActiveCfg = Release|Any CPU
		{F4AC381D-CF9B-4E2C-9803-F3BDC602BCA5}.Release|Any CPU.Build.0 = Release|Any CPU
		{D2DFCA20-BDA7-481A-9247-C9CDE53211D8}.Debug|Any CPU.ActiveCfg = Debug|Any CPU
		{D2DFCA20-BDA7-481A-9247-C9CDE53211D8}.Debug|Any CPU.Build.0 = Debug|Any CPU
		{D2DFCA20-BDA7-481A-9247-C9CDE53211D8}.Release|Any CPU.ActiveCfg = Release|Any CPU
		{D2DFCA20-BDA7-481A-9247-C9CDE53211D8}.Release|Any CPU.Build.0 = Release|Any CPU
		{363153ED-76CB-418C-9500-A5C42245C5F4}.Debug|Any CPU.ActiveCfg = Debug|Any CPU
		{363153ED-76CB-418C-9500-A5C42245C5F4}.Debug|Any CPU.Build.0 = Debug|Any CPU
		{363153ED-76CB-418C-9500-A5C42245C5F4}.Release|Any CPU.ActiveCfg = Release|Any CPU
		{363153ED-76CB-418C-9500-A5C42245C5F4}.Release|Any CPU.Build.0 = Release|Any CPU
		{0EFE98ED-8D57-4CA0-93D0-B71ACFCFA64E}.Debug|Any CPU.ActiveCfg = Debug|Any CPU
		{0EFE98ED-8D57-4CA0-93D0-B71ACFCFA64E}.Debug|Any CPU.Build.0 = Debug|Any CPU
		{0EFE98ED-8D57-4CA0-93D0-B71ACFCFA64E}.Release|Any CPU.ActiveCfg = Release|Any CPU
		{0EFE98ED-8D57-4CA0-93D0-B71ACFCFA64E}.Release|Any CPU.Build.0 = Release|Any CPU
		{6CF5B2AC-00CB-48CA-BF04-90FD6E69ADDC}.Debug|Any CPU.ActiveCfg = Debug|Any CPU
		{6CF5B2AC-00CB-48CA-BF04-90FD6E69ADDC}.Debug|Any CPU.Build.0 = Debug|Any CPU
		{6CF5B2AC-00CB-48CA-BF04-90FD6E69ADDC}.Release|Any CPU.ActiveCfg = Release|Any CPU
		{6CF5B2AC-00CB-48CA-BF04-90FD6E69ADDC}.Release|Any CPU.Build.0 = Release|Any CPU
		{79844263-EE28-4DC0-9185-6E9C493DFB6C}.Debug|Any CPU.ActiveCfg = Debug|Any CPU
		{79844263-EE28-4DC0-9185-6E9C493DFB6C}.Debug|Any CPU.Build.0 = Debug|Any CPU
		{79844263-EE28-4DC0-9185-6E9C493DFB6C}.Release|Any CPU.ActiveCfg = Release|Any CPU
		{79844263-EE28-4DC0-9185-6E9C493DFB6C}.Release|Any CPU.Build.0 = Release|Any CPU
		{2A1436A1-1022-47AD-99A0-3CF318AD8086}.Debug|Any CPU.ActiveCfg = Debug|Any CPU
		{2A1436A1-1022-47AD-99A0-3CF318AD8086}.Debug|Any CPU.Build.0 = Debug|Any CPU
		{2A1436A1-1022-47AD-99A0-3CF318AD8086}.Release|Any CPU.ActiveCfg = Release|Any CPU
		{2A1436A1-1022-47AD-99A0-3CF318AD8086}.Release|Any CPU.Build.0 = Release|Any CPU
		{8F067E7C-8FAD-4B3D-BB3A-3B636B10B157}.Debug|Any CPU.ActiveCfg = Debug|Any CPU
		{8F067E7C-8FAD-4B3D-BB3A-3B636B10B157}.Debug|Any CPU.Build.0 = Debug|Any CPU
		{8F067E7C-8FAD-4B3D-BB3A-3B636B10B157}.Release|Any CPU.ActiveCfg = Release|Any CPU
		{8F067E7C-8FAD-4B3D-BB3A-3B636B10B157}.Release|Any CPU.Build.0 = Release|Any CPU
		{DCDADEF7-C4F7-469A-B9EC-A16EC6FC3AF2}.Debug|Any CPU.ActiveCfg = Debug|Any CPU
		{DCDADEF7-C4F7-469A-B9EC-A16EC6FC3AF2}.Debug|Any CPU.Build.0 = Debug|Any CPU
		{DCDADEF7-C4F7-469A-B9EC-A16EC6FC3AF2}.Release|Any CPU.ActiveCfg = Release|Any CPU
		{DCDADEF7-C4F7-469A-B9EC-A16EC6FC3AF2}.Release|Any CPU.Build.0 = Release|Any CPU
		{12647806-CEE7-49BD-A7AE-8F8D71070441}.Debug|Any CPU.ActiveCfg = Debug|Any CPU
		{12647806-CEE7-49BD-A7AE-8F8D71070441}.Debug|Any CPU.Build.0 = Debug|Any CPU
		{12647806-CEE7-49BD-A7AE-8F8D71070441}.Release|Any CPU.ActiveCfg = Release|Any CPU
		{12647806-CEE7-49BD-A7AE-8F8D71070441}.Release|Any CPU.Build.0 = Release|Any CPU
		{3F53C58E-8FA7-489D-85CC-67A49728A94F}.Debug|Any CPU.ActiveCfg = Debug|Any CPU
		{3F53C58E-8FA7-489D-85CC-67A49728A94F}.Debug|Any CPU.Build.0 = Debug|Any CPU
		{3F53C58E-8FA7-489D-85CC-67A49728A94F}.Release|Any CPU.ActiveCfg = Release|Any CPU
		{3F53C58E-8FA7-489D-85CC-67A49728A94F}.Release|Any CPU.Build.0 = Release|Any CPU
		{39A90F4C-D569-4A4A-ADA4-99A9C3979F84}.Debug|Any CPU.ActiveCfg = Debug|Any CPU
		{39A90F4C-D569-4A4A-ADA4-99A9C3979F84}.Debug|Any CPU.Build.0 = Debug|Any CPU
		{39A90F4C-D569-4A4A-ADA4-99A9C3979F84}.Release|Any CPU.ActiveCfg = Release|Any CPU
		{39A90F4C-D569-4A4A-ADA4-99A9C3979F84}.Release|Any CPU.Build.0 = Release|Any CPU
		{07AFD751-58BC-48B7-8ECD-3A99A65E248E}.Debug|Any CPU.ActiveCfg = Debug|Any CPU
		{07AFD751-58BC-48B7-8ECD-3A99A65E248E}.Debug|Any CPU.Build.0 = Debug|Any CPU
		{07AFD751-58BC-48B7-8ECD-3A99A65E248E}.Release|Any CPU.ActiveCfg = Release|Any CPU
		{07AFD751-58BC-48B7-8ECD-3A99A65E248E}.Release|Any CPU.Build.0 = Release|Any CPU
		{02D8DD4A-AB06-4F0E-8AFB-5801D5CBE3F7}.Debug|Any CPU.ActiveCfg = Debug|Any CPU
		{02D8DD4A-AB06-4F0E-8AFB-5801D5CBE3F7}.Debug|Any CPU.Build.0 = Debug|Any CPU
		{02D8DD4A-AB06-4F0E-8AFB-5801D5CBE3F7}.Release|Any CPU.ActiveCfg = Release|Any CPU
		{02D8DD4A-AB06-4F0E-8AFB-5801D5CBE3F7}.Release|Any CPU.Build.0 = Release|Any CPU
		{19AF2D12-46CE-46D8-8AB9-686CEA01FB45}.Debug|Any CPU.ActiveCfg = Debug|Any CPU
		{19AF2D12-46CE-46D8-8AB9-686CEA01FB45}.Debug|Any CPU.Build.0 = Debug|Any CPU
		{19AF2D12-46CE-46D8-8AB9-686CEA01FB45}.Release|Any CPU.ActiveCfg = Release|Any CPU
		{19AF2D12-46CE-46D8-8AB9-686CEA01FB45}.Release|Any CPU.Build.0 = Release|Any CPU
		{DA7CB822-A73B-407C-840A-8971B1DA3D96}.Debug|Any CPU.ActiveCfg = Debug|Any CPU
		{DA7CB822-A73B-407C-840A-8971B1DA3D96}.Debug|Any CPU.Build.0 = Debug|Any CPU
		{DA7CB822-A73B-407C-840A-8971B1DA3D96}.Release|Any CPU.ActiveCfg = Release|Any CPU
		{DA7CB822-A73B-407C-840A-8971B1DA3D96}.Release|Any CPU.Build.0 = Release|Any CPU
		{2A3DF9DF-2E9C-4686-89BF-55266A9DD604}.Debug|Any CPU.ActiveCfg = Debug|Any CPU
		{2A3DF9DF-2E9C-4686-89BF-55266A9DD604}.Debug|Any CPU.Build.0 = Debug|Any CPU
		{2A3DF9DF-2E9C-4686-89BF-55266A9DD604}.Release|Any CPU.ActiveCfg = Release|Any CPU
		{2A3DF9DF-2E9C-4686-89BF-55266A9DD604}.Release|Any CPU.Build.0 = Release|Any CPU
		{370D1ABE-FC5C-43A0-BE7F-2C121C4899EA}.Debug|Any CPU.ActiveCfg = Debug|Any CPU
		{370D1ABE-FC5C-43A0-BE7F-2C121C4899EA}.Debug|Any CPU.Build.0 = Debug|Any CPU
		{370D1ABE-FC5C-43A0-BE7F-2C121C4899EA}.Release|Any CPU.ActiveCfg = Release|Any CPU
		{370D1ABE-FC5C-43A0-BE7F-2C121C4899EA}.Release|Any CPU.Build.0 = Release|Any CPU
		{1DB27194-8DDE-4BE5-B67E-07C685A35B8D}.Debug|Any CPU.ActiveCfg = Debug|Any CPU
		{1DB27194-8DDE-4BE5-B67E-07C685A35B8D}.Debug|Any CPU.Build.0 = Debug|Any CPU
		{1DB27194-8DDE-4BE5-B67E-07C685A35B8D}.Release|Any CPU.ActiveCfg = Release|Any CPU
		{1DB27194-8DDE-4BE5-B67E-07C685A35B8D}.Release|Any CPU.Build.0 = Release|Any CPU
	EndGlobalSection
	GlobalSection(SolutionProperties) = preSolution
		HideSolutionNode = FALSE
	EndGlobalSection
	GlobalSection(NestedProjects) = preSolution
		{3B0DE625-70F3-4756-A225-6A5F1D886494} = {23D2E14E-AA39-46DA-BC3D-188DF748D818}
		{F4AC381D-CF9B-4E2C-9803-F3BDC602BCA5} = {3B0DE625-70F3-4756-A225-6A5F1D886494}
		{835F7D5E-7F74-4395-976F-EB12A5D104C9} = {23D2E14E-AA39-46DA-BC3D-188DF748D818}
		{D2DFCA20-BDA7-481A-9247-C9CDE53211D8} = {835F7D5E-7F74-4395-976F-EB12A5D104C9}
		{A2CF4722-BE6D-4799-81D3-40FFA75BD251} = {23D2E14E-AA39-46DA-BC3D-188DF748D818}
		{E7FFA5C1-5301-4DB5-84E0-2C1B11E77A1D} = {A2CF4722-BE6D-4799-81D3-40FFA75BD251}
		{5D940DD7-D3A4-48D2-A5AE-6F0CBCAAF1F3} = {A2CF4722-BE6D-4799-81D3-40FFA75BD251}
		{C59E01C2-C3D7-4EDB-80F2-D7A35A525347} = {A2CF4722-BE6D-4799-81D3-40FFA75BD251}
		{363153ED-76CB-418C-9500-A5C42245C5F4} = {E7FFA5C1-5301-4DB5-84E0-2C1B11E77A1D}
		{0EFE98ED-8D57-4CA0-93D0-B71ACFCFA64E} = {E7FFA5C1-5301-4DB5-84E0-2C1B11E77A1D}
		{6CF5B2AC-00CB-48CA-BF04-90FD6E69ADDC} = {5D940DD7-D3A4-48D2-A5AE-6F0CBCAAF1F3}
		{79844263-EE28-4DC0-9185-6E9C493DFB6C} = {C59E01C2-C3D7-4EDB-80F2-D7A35A525347}
		{2A1436A1-1022-47AD-99A0-3CF318AD8086} = {5CA6FC3E-2704-4148-A850-0762FCE240E9}
		{8C4927EE-4FF7-472A-8B63-60772FBC68C2} = {23D2E14E-AA39-46DA-BC3D-188DF748D818}
		{8F067E7C-8FAD-4B3D-BB3A-3B636B10B157} = {8C4927EE-4FF7-472A-8B63-60772FBC68C2}
		{DCDADEF7-C4F7-469A-B9EC-A16EC6FC3AF2} = {8C4927EE-4FF7-472A-8B63-60772FBC68C2}
		{12647806-CEE7-49BD-A7AE-8F8D71070441} = {8C4927EE-4FF7-472A-8B63-60772FBC68C2}
		{3F53C58E-8FA7-489D-85CC-67A49728A94F} = {8C4927EE-4FF7-472A-8B63-60772FBC68C2}
		{39A90F4C-D569-4A4A-ADA4-99A9C3979F84} = {8C4927EE-4FF7-472A-8B63-60772FBC68C2}
		{8174B26D-9C4B-4A1B-9F89-DA7378474D72} = {23D2E14E-AA39-46DA-BC3D-188DF748D818}
		{07AFD751-58BC-48B7-8ECD-3A99A65E248E} = {8174B26D-9C4B-4A1B-9F89-DA7378474D72}
		{02D8DD4A-AB06-4F0E-8AFB-5801D5CBE3F7} = {EFB11CD5-67FE-49EC-BE32-55806B6FF5EE}
		{19AF2D12-46CE-46D8-8AB9-686CEA01FB45} = {EFB11CD5-67FE-49EC-BE32-55806B6FF5EE}
		{D00B4816-C1E6-452A-B2BB-31BC23850D17} = {23D2E14E-AA39-46DA-BC3D-188DF748D818}
		{DA7CB822-A73B-407C-840A-8971B1DA3D96} = {D00B4816-C1E6-452A-B2BB-31BC23850D17}
		{2A3DF9DF-2E9C-4686-89BF-55266A9DD604} = {521DBB42-6A73-4D1A-9BB8-2D91DDB699AB}
		{BCEB2530-47AF-4D7A-944E-5209093AEA6C} = {23D2E14E-AA39-46DA-BC3D-188DF748D818}
		{370D1ABE-FC5C-43A0-BE7F-2C121C4899EA} = {BCEB2530-47AF-4D7A-944E-5209093AEA6C}
		{2D3D3E20-674B-49E9-A5BF-09D2CD32464E} = {23D2E14E-AA39-46DA-BC3D-188DF748D818}
		{1DB27194-8DDE-4BE5-B67E-07C685A35B8D} = {2D3D3E20-674B-49E9-A5BF-09D2CD32464E}
	EndGlobalSection
	GlobalSection(ExtensibilityGlobals) = postSolution
		SolutionGuid = {69CEE46C-CEF7-4E91-8DBA-09B690BE9FB0}
	EndGlobalSection
EndGlobal
